
Microsoft Visual Studio Solution File, Format Version 12.00
# Visual Studio 15
VisualStudioVersion = 15.0.26403.7
MinimumVisualStudioVersion = 10.0.40219.1
Project("{FAE04EC0-301F-11D3-BF4B-00C04F79EFBC}") = "Simple_Budget.Android", "Simple-Budget\Simple_Budget.Android\Simple_Budget.Android.csproj", "{BFFB34D4-0250-47B2-AD44-25121910F4E9}"
EndProject
Project("{FAE04EC0-301F-11D3-BF4B-00C04F79EFBC}") = "Simple_Budget", "Simple-Budget\Simple_Budget\Simple_Budget.csproj", "{F5C4FBD0-CDB3-4409-9D86-5C21010BA1DF}"
EndProject
Project("{FAE04EC0-301F-11D3-BF4B-00C04F79EFBC}") = "Simple_Budget.iOS", "Simple-Budget\Simple_Budget.iOS\Simple_Budget.iOS.csproj", "{FEF034DB-A281-4305-A1B7-33C9DE2E9366}"
EndProject
Global
	GlobalSection(SolutionConfigurationPlatforms) = preSolution
		Ad-Hoc|Any CPU = Ad-Hoc|Any CPU
		Ad-Hoc|ARM = Ad-Hoc|ARM
		Ad-Hoc|iPhone = Ad-Hoc|iPhone
		Ad-Hoc|iPhoneSimulator = Ad-Hoc|iPhoneSimulator
		Ad-Hoc|x64 = Ad-Hoc|x64
		Ad-Hoc|x86 = Ad-Hoc|x86
		AppStore|Any CPU = AppStore|Any CPU
		AppStore|ARM = AppStore|ARM
		AppStore|iPhone = AppStore|iPhone
		AppStore|iPhoneSimulator = AppStore|iPhoneSimulator
		AppStore|x64 = AppStore|x64
		AppStore|x86 = AppStore|x86
		Debug|Any CPU = Debug|Any CPU
		Debug|ARM = Debug|ARM
		Debug|iPhone = Debug|iPhone
		Debug|iPhoneSimulator = Debug|iPhoneSimulator
		Debug|x64 = Debug|x64
		Debug|x86 = Debug|x86
		Release|Any CPU = Release|Any CPU
		Release|ARM = Release|ARM
		Release|iPhone = Release|iPhone
		Release|iPhoneSimulator = Release|iPhoneSimulator
		Release|x64 = Release|x64
		Release|x86 = Release|x86
	EndGlobalSection
	GlobalSection(ProjectConfigurationPlatforms) = postSolution
		{BFFB34D4-0250-47B2-AD44-25121910F4E9}.Ad-Hoc|Any CPU.ActiveCfg = Release|Any CPU
		{BFFB34D4-0250-47B2-AD44-25121910F4E9}.Ad-Hoc|Any CPU.Build.0 = Release|Any CPU
		{BFFB34D4-0250-47B2-AD44-25121910F4E9}.Ad-Hoc|Any CPU.Deploy.0 = Release|Any CPU
		{BFFB34D4-0250-47B2-AD44-25121910F4E9}.Ad-Hoc|ARM.ActiveCfg = Release|Any CPU
		{BFFB34D4-0250-47B2-AD44-25121910F4E9}.Ad-Hoc|ARM.Build.0 = Release|Any CPU
		{BFFB34D4-0250-47B2-AD44-25121910F4E9}.Ad-Hoc|ARM.Deploy.0 = Release|Any CPU
		{BFFB34D4-0250-47B2-AD44-25121910F4E9}.Ad-Hoc|iPhone.ActiveCfg = Release|Any CPU
		{BFFB34D4-0250-47B2-AD44-25121910F4E9}.Ad-Hoc|iPhone.Build.0 = Release|Any CPU
		{BFFB34D4-0250-47B2-AD44-25121910F4E9}.Ad-Hoc|iPhone.Deploy.0 = Release|Any CPU
		{BFFB34D4-0250-47B2-AD44-25121910F4E9}.Ad-Hoc|iPhoneSimulator.ActiveCfg = Release|Any CPU
		{BFFB34D4-0250-47B2-AD44-25121910F4E9}.Ad-Hoc|iPhoneSimulator.Build.0 = Release|Any CPU
		{BFFB34D4-0250-47B2-AD44-25121910F4E9}.Ad-Hoc|iPhoneSimulator.Deploy.0 = Release|Any CPU
		{BFFB34D4-0250-47B2-AD44-25121910F4E9}.Ad-Hoc|x64.ActiveCfg = Release|Any CPU
		{BFFB34D4-0250-47B2-AD44-25121910F4E9}.Ad-Hoc|x64.Build.0 = Release|Any CPU
		{BFFB34D4-0250-47B2-AD44-25121910F4E9}.Ad-Hoc|x64.Deploy.0 = Release|Any CPU
		{BFFB34D4-0250-47B2-AD44-25121910F4E9}.Ad-Hoc|x86.ActiveCfg = Release|Any CPU
		{BFFB34D4-0250-47B2-AD44-25121910F4E9}.Ad-Hoc|x86.Build.0 = Release|Any CPU
		{BFFB34D4-0250-47B2-AD44-25121910F4E9}.Ad-Hoc|x86.Deploy.0 = Release|Any CPU
		{BFFB34D4-0250-47B2-AD44-25121910F4E9}.AppStore|Any CPU.ActiveCfg = Release|Any CPU
		{BFFB34D4-0250-47B2-AD44-25121910F4E9}.AppStore|Any CPU.Build.0 = Release|Any CPU
		{BFFB34D4-0250-47B2-AD44-25121910F4E9}.AppStore|Any CPU.Deploy.0 = Release|Any CPU
		{BFFB34D4-0250-47B2-AD44-25121910F4E9}.AppStore|ARM.ActiveCfg = Release|Any CPU
		{BFFB34D4-0250-47B2-AD44-25121910F4E9}.AppStore|ARM.Build.0 = Release|Any CPU
		{BFFB34D4-0250-47B2-AD44-25121910F4E9}.AppStore|ARM.Deploy.0 = Release|Any CPU
		{BFFB34D4-0250-47B2-AD44-25121910F4E9}.AppStore|iPhone.ActiveCfg = Release|Any CPU
		{BFFB34D4-0250-47B2-AD44-25121910F4E9}.AppStore|iPhone.Build.0 = Release|Any CPU
		{BFFB34D4-0250-47B2-AD44-25121910F4E9}.AppStore|iPhone.Deploy.0 = Release|Any CPU
		{BFFB34D4-0250-47B2-AD44-25121910F4E9}.AppStore|iPhoneSimulator.ActiveCfg = Release|Any CPU
		{BFFB34D4-0250-47B2-AD44-25121910F4E9}.AppStore|iPhoneSimulator.Build.0 = Release|Any CPU
		{BFFB34D4-0250-47B2-AD44-25121910F4E9}.AppStore|iPhoneSimulator.Deploy.0 = Release|Any CPU
		{BFFB34D4-0250-47B2-AD44-25121910F4E9}.AppStore|x64.ActiveCfg = Release|Any CPU
		{BFFB34D4-0250-47B2-AD44-25121910F4E9}.AppStore|x64.Build.0 = Release|Any CPU
		{BFFB34D4-0250-47B2-AD44-25121910F4E9}.AppStore|x64.Deploy.0 = Release|Any CPU
		{BFFB34D4-0250-47B2-AD44-25121910F4E9}.AppStore|x86.ActiveCfg = Release|Any CPU
		{BFFB34D4-0250-47B2-AD44-25121910F4E9}.AppStore|x86.Build.0 = Release|Any CPU
		{BFFB34D4-0250-47B2-AD44-25121910F4E9}.AppStore|x86.Deploy.0 = Release|Any CPU
		{BFFB34D4-0250-47B2-AD44-25121910F4E9}.Debug|Any CPU.ActiveCfg = Debug|Any CPU
		{BFFB34D4-0250-47B2-AD44-25121910F4E9}.Debug|Any CPU.Build.0 = Debug|Any CPU
		{BFFB34D4-0250-47B2-AD44-25121910F4E9}.Debug|Any CPU.Deploy.0 = Debug|Any CPU
		{BFFB34D4-0250-47B2-AD44-25121910F4E9}.Debug|ARM.ActiveCfg = Debug|Any CPU
		{BFFB34D4-0250-47B2-AD44-25121910F4E9}.Debug|ARM.Build.0 = Debug|Any CPU
		{BFFB34D4-0250-47B2-AD44-25121910F4E9}.Debug|ARM.Deploy.0 = Debug|Any CPU
		{BFFB34D4-0250-47B2-AD44-25121910F4E9}.Debug|iPhone.ActiveCfg = Debug|Any CPU
		{BFFB34D4-0250-47B2-AD44-25121910F4E9}.Debug|iPhone.Build.0 = Debug|Any CPU
		{BFFB34D4-0250-47B2-AD44-25121910F4E9}.Debug|iPhone.Deploy.0 = Debug|Any CPU
		{BFFB34D4-0250-47B2-AD44-25121910F4E9}.Debug|iPhoneSimulator.ActiveCfg = Debug|Any CPU
		{BFFB34D4-0250-47B2-AD44-25121910F4E9}.Debug|iPhoneSimulator.Build.0 = Debug|Any CPU
		{BFFB34D4-0250-47B2-AD44-25121910F4E9}.Debug|iPhoneSimulator.Deploy.0 = Debug|Any CPU
		{BFFB34D4-0250-47B2-AD44-25121910F4E9}.Debug|x64.ActiveCfg = Debug|Any CPU
		{BFFB34D4-0250-47B2-AD44-25121910F4E9}.Debug|x64.Build.0 = Debug|Any CPU
		{BFFB34D4-0250-47B2-AD44-25121910F4E9}.Debug|x64.Deploy.0 = Debug|Any CPU
		{BFFB34D4-0250-47B2-AD44-25121910F4E9}.Debug|x86.ActiveCfg = Debug|Any CPU
		{BFFB34D4-0250-47B2-AD44-25121910F4E9}.Debug|x86.Build.0 = Debug|Any CPU
		{BFFB34D4-0250-47B2-AD44-25121910F4E9}.Debug|x86.Deploy.0 = Debug|Any CPU
		{BFFB34D4-0250-47B2-AD44-25121910F4E9}.Release|Any CPU.ActiveCfg = Release|Any CPU
		{BFFB34D4-0250-47B2-AD44-25121910F4E9}.Release|Any CPU.Build.0 = Release|Any CPU
		{BFFB34D4-0250-47B2-AD44-25121910F4E9}.Release|Any CPU.Deploy.0 = Release|Any CPU
		{BFFB34D4-0250-47B2-AD44-25121910F4E9}.Release|ARM.ActiveCfg = Release|Any CPU
		{BFFB34D4-0250-47B2-AD44-25121910F4E9}.Release|ARM.Build.0 = Release|Any CPU
		{BFFB34D4-0250-47B2-AD44-25121910F4E9}.Release|ARM.Deploy.0 = Release|Any CPU
		{BFFB34D4-0250-47B2-AD44-25121910F4E9}.Release|iPhone.ActiveCfg = Release|Any CPU
		{BFFB34D4-0250-47B2-AD44-25121910F4E9}.Release|iPhone.Build.0 = Release|Any CPU
		{BFFB34D4-0250-47B2-AD44-25121910F4E9}.Release|iPhone.Deploy.0 = Release|Any CPU
		{BFFB34D4-0250-47B2-AD44-25121910F4E9}.Release|iPhoneSimulator.ActiveCfg = Release|Any CPU
		{BFFB34D4-0250-47B2-AD44-25121910F4E9}.Release|iPhoneSimulator.Build.0 = Release|Any CPU
		{BFFB34D4-0250-47B2-AD44-25121910F4E9}.Release|iPhoneSimulator.Deploy.0 = Release|Any CPU
		{BFFB34D4-0250-47B2-AD44-25121910F4E9}.Release|x64.ActiveCfg = Release|Any CPU
		{BFFB34D4-0250-47B2-AD44-25121910F4E9}.Release|x64.Build.0 = Release|Any CPU
		{BFFB34D4-0250-47B2-AD44-25121910F4E9}.Release|x64.Deploy.0 = Release|Any CPU
		{BFFB34D4-0250-47B2-AD44-25121910F4E9}.Release|x86.ActiveCfg = Release|Any CPU
		{BFFB34D4-0250-47B2-AD44-25121910F4E9}.Release|x86.Build.0 = Release|Any CPU
		{BFFB34D4-0250-47B2-AD44-25121910F4E9}.Release|x86.Deploy.0 = Release|Any CPU
		{F5C4FBD0-CDB3-4409-9D86-5C21010BA1DF}.Ad-Hoc|Any CPU.ActiveCfg = Release|Any CPU
		{F5C4FBD0-CDB3-4409-9D86-5C21010BA1DF}.Ad-Hoc|Any CPU.Build.0 = Release|Any CPU
		{F5C4FBD0-CDB3-4409-9D86-5C21010BA1DF}.Ad-Hoc|ARM.ActiveCfg = Release|Any CPU
		{F5C4FBD0-CDB3-4409-9D86-5C21010BA1DF}.Ad-Hoc|ARM.Build.0 = Release|Any CPU
		{F5C4FBD0-CDB3-4409-9D86-5C21010BA1DF}.Ad-Hoc|iPhone.ActiveCfg = Release|Any CPU
		{F5C4FBD0-CDB3-4409-9D86-5C21010BA1DF}.Ad-Hoc|iPhone.Build.0 = Release|Any CPU
		{F5C4FBD0-CDB3-4409-9D86-5C21010BA1DF}.Ad-Hoc|iPhoneSimulator.ActiveCfg = Release|Any CPU
		{F5C4FBD0-CDB3-4409-9D86-5C21010BA1DF}.Ad-Hoc|iPhoneSimulator.Build.0 = Release|Any CPU
		{F5C4FBD0-CDB3-4409-9D86-5C21010BA1DF}.Ad-Hoc|x64.ActiveCfg = Release|Any CPU
		{F5C4FBD0-CDB3-4409-9D86-5C21010BA1DF}.Ad-Hoc|x64.Build.0 = Release|Any CPU
		{F5C4FBD0-CDB3-4409-9D86-5C21010BA1DF}.Ad-Hoc|x86.ActiveCfg = Release|Any CPU
		{F5C4FBD0-CDB3-4409-9D86-5C21010BA1DF}.Ad-Hoc|x86.Build.0 = Release|Any CPU
		{F5C4FBD0-CDB3-4409-9D86-5C21010BA1DF}.AppStore|Any CPU.ActiveCfg = Release|Any CPU
		{F5C4FBD0-CDB3-4409-9D86-5C21010BA1DF}.AppStore|Any CPU.Build.0 = Release|Any CPU
		{F5C4FBD0-CDB3-4409-9D86-5C21010BA1DF}.AppStore|ARM.ActiveCfg = Release|Any CPU
		{F5C4FBD0-CDB3-4409-9D86-5C21010BA1DF}.AppStore|ARM.Build.0 = Release|Any CPU
		{F5C4FBD0-CDB3-4409-9D86-5C21010BA1DF}.AppStore|iPhone.ActiveCfg = Release|Any CPU
		{F5C4FBD0-CDB3-4409-9D86-5C21010BA1DF}.AppStore|iPhone.Build.0 = Release|Any CPU
		{F5C4FBD0-CDB3-4409-9D86-5C21010BA1DF}.AppStore|iPhoneSimulator.ActiveCfg = Release|Any CPU
		{F5C4FBD0-CDB3-4409-9D86-5C21010BA1DF}.AppStore|iPhoneSimulator.Build.0 = Release|Any CPU
		{F5C4FBD0-CDB3-4409-9D86-5C21010BA1DF}.AppStore|x64.ActiveCfg = Release|Any CPU
		{F5C4FBD0-CDB3-4409-9D86-5C21010BA1DF}.AppStore|x64.Build.0 = Release|Any CPU
		{F5C4FBD0-CDB3-4409-9D86-5C21010BA1DF}.AppStore|x86.ActiveCfg = Release|Any CPU
		{F5C4FBD0-CDB3-4409-9D86-5C21010BA1DF}.AppStore|x86.Build.0 = Release|Any CPU
		{F5C4FBD0-CDB3-4409-9D86-5C21010BA1DF}.Debug|Any CPU.ActiveCfg = Debug|Any CPU
		{F5C4FBD0-CDB3-4409-9D86-5C21010BA1DF}.Debug|Any CPU.Build.0 = Debug|Any CPU
		{F5C4FBD0-CDB3-4409-9D86-5C21010BA1DF}.Debug|ARM.ActiveCfg = Debug|Any CPU
		{F5C4FBD0-CDB3-4409-9D86-5C21010BA1DF}.Debug|ARM.Build.0 = Debug|Any CPU
		{F5C4FBD0-CDB3-4409-9D86-5C21010BA1DF}.Debug|iPhone.ActiveCfg = Debug|Any CPU
		{F5C4FBD0-CDB3-4409-9D86-5C21010BA1DF}.Debug|iPhone.Build.0 = Debug|Any CPU
		{F5C4FBD0-CDB3-4409-9D86-5C21010BA1DF}.Debug|iPhoneSimulator.ActiveCfg = Debug|Any CPU
		{F5C4FBD0-CDB3-4409-9D86-5C21010BA1DF}.Debug|iPhoneSimulator.Build.0 = Debug|Any CPU
		{F5C4FBD0-CDB3-4409-9D86-5C21010BA1DF}.Debug|x64.ActiveCfg = Debug|Any CPU
		{F5C4FBD0-CDB3-4409-9D86-5C21010BA1DF}.Debug|x64.Build.0 = Debug|Any CPU
		{F5C4FBD0-CDB3-4409-9D86-5C21010BA1DF}.Debug|x86.ActiveCfg = Debug|Any CPU
		{F5C4FBD0-CDB3-4409-9D86-5C21010BA1DF}.Debug|x86.Build.0 = Debug|Any CPU
		{F5C4FBD0-CDB3-4409-9D86-5C21010BA1DF}.Release|Any CPU.ActiveCfg = Release|Any CPU
		{F5C4FBD0-CDB3-4409-9D86-5C21010BA1DF}.Release|Any CPU.Build.0 = Release|Any CPU
		{F5C4FBD0-CDB3-4409-9D86-5C21010BA1DF}.Release|ARM.ActiveCfg = Release|Any CPU
		{F5C4FBD0-CDB3-4409-9D86-5C21010BA1DF}.Release|ARM.Build.0 = Release|Any CPU
		{F5C4FBD0-CDB3-4409-9D86-5C21010BA1DF}.Release|iPhone.ActiveCfg = Release|Any CPU
		{F5C4FBD0-CDB3-4409-9D86-5C21010BA1DF}.Release|iPhone.Build.0 = Release|Any CPU
		{F5C4FBD0-CDB3-4409-9D86-5C21010BA1DF}.Release|iPhoneSimulator.ActiveCfg = Release|Any CPU
		{F5C4FBD0-CDB3-4409-9D86-5C21010BA1DF}.Release|iPhoneSimulator.Build.0 = Release|Any CPU
		{F5C4FBD0-CDB3-4409-9D86-5C21010BA1DF}.Release|x64.ActiveCfg = Release|Any CPU
		{F5C4FBD0-CDB3-4409-9D86-5C21010BA1DF}.Release|x64.Build.0 = Release|Any CPU
		{F5C4FBD0-CDB3-4409-9D86-5C21010BA1DF}.Release|x86.ActiveCfg = Release|Any CPU
		{F5C4FBD0-CDB3-4409-9D86-5C21010BA1DF}.Release|x86.Build.0 = Release|Any CPU
		{FEF034DB-A281-4305-A1B7-33C9DE2E9366}.Ad-Hoc|Any CPU.ActiveCfg = Ad-Hoc|iPhone
		{FEF034DB-A281-4305-A1B7-33C9DE2E9366}.Ad-Hoc|ARM.ActiveCfg = Ad-Hoc|iPhone
		{FEF034DB-A281-4305-A1B7-33C9DE2E9366}.Ad-Hoc|iPhone.ActiveCfg = Ad-Hoc|iPhone
		{FEF034DB-A281-4305-A1B7-33C9DE2E9366}.Ad-Hoc|iPhone.Build.0 = Ad-Hoc|iPhone
		{FEF034DB-A281-4305-A1B7-33C9DE2E9366}.Ad-Hoc|iPhoneSimulator.ActiveCfg = Ad-Hoc|iPhoneSimulator
		{FEF034DB-A281-4305-A1B7-33C9DE2E9366}.Ad-Hoc|iPhoneSimulator.Build.0 = Ad-Hoc|iPhoneSimulator
		{FEF034DB-A281-4305-A1B7-33C9DE2E9366}.Ad-Hoc|x64.ActiveCfg = Ad-Hoc|iPhone
		{FEF034DB-A281-4305-A1B7-33C9DE2E9366}.Ad-Hoc|x86.ActiveCfg = Ad-Hoc|iPhone
		{FEF034DB-A281-4305-A1B7-33C9DE2E9366}.AppStore|Any CPU.ActiveCfg = AppStore|iPhone
		{FEF034DB-A281-4305-A1B7-33C9DE2E9366}.AppStore|ARM.ActiveCfg = AppStore|iPhone
		{FEF034DB-A281-4305-A1B7-33C9DE2E9366}.AppStore|iPhone.ActiveCfg = AppStore|iPhone
		{FEF034DB-A281-4305-A1B7-33C9DE2E9366}.AppStore|iPhone.Build.0 = AppStore|iPhone
		{FEF034DB-A281-4305-A1B7-33C9DE2E9366}.AppStore|iPhoneSimulator.ActiveCfg = AppStore|iPhoneSimulator
		{FEF034DB-A281-4305-A1B7-33C9DE2E9366}.AppStore|iPhoneSimulator.Build.0 = AppStore|iPhoneSimulator
		{FEF034DB-A281-4305-A1B7-33C9DE2E9366}.AppStore|x64.ActiveCfg = AppStore|iPhone
		{FEF034DB-A281-4305-A1B7-33C9DE2E9366}.AppStore|x86.ActiveCfg = AppStore|iPhone
		{FEF034DB-A281-4305-A1B7-33C9DE2E9366}.Debug|Any CPU.ActiveCfg = Debug|iPhone
		{FEF034DB-A281-4305-A1B7-33C9DE2E9366}.Debug|ARM.ActiveCfg = Debug|iPhone
		{FEF034DB-A281-4305-A1B7-33C9DE2E9366}.Debug|iPhone.ActiveCfg = Debug|iPhone
		{FEF034DB-A281-4305-A1B7-33C9DE2E9366}.Debug|iPhone.Build.0 = Debug|iPhone
		{FEF034DB-A281-4305-A1B7-33C9DE2E9366}.Debug|iPhoneSimulator.ActiveCfg = Debug|iPhoneSimulator
		{FEF034DB-A281-4305-A1B7-33C9DE2E9366}.Debug|iPhoneSimulator.Build.0 = Debug|iPhoneSimulator
		{FEF034DB-A281-4305-A1B7-33C9DE2E9366}.Debug|x64.ActiveCfg = Debug|iPhone
		{FEF034DB-A281-4305-A1B7-33C9DE2E9366}.Debug|x86.ActiveCfg = Debug|iPhone
		{FEF034DB-A281-4305-A1B7-33C9DE2E9366}.Release|Any CPU.ActiveCfg = Release|iPhone
		{FEF034DB-A281-4305-A1B7-33C9DE2E9366}.Release|ARM.ActiveCfg = Release|iPhone
		{FEF034DB-A281-4305-A1B7-33C9DE2E9366}.Release|iPhone.ActiveCfg = Release|iPhone
		{FEF034DB-A281-4305-A1B7-33C9DE2E9366}.Release|iPhone.Build.0 = Release|iPhone
		{FEF034DB-A281-4305-A1B7-33C9DE2E9366}.Release|iPhoneSimulator.ActiveCfg = Release|iPhoneSimulator
		{FEF034DB-A281-4305-A1B7-33C9DE2E9366}.Release|iPhoneSimulator.Build.0 = Release|iPhoneSimulator
		{FEF034DB-A281-4305-A1B7-33C9DE2E9366}.Release|x64.ActiveCfg = Release|iPhone
		{FEF034DB-A281-4305-A1B7-33C9DE2E9366}.Release|x86.ActiveCfg = Release|iPhone
	EndGlobalSection
	GlobalSection(SolutionProperties) = preSolution
		HideSolutionNode = FALSE
	EndGlobalSection
EndGlobal
